github.com/BackendStack21/go-llm-sdk v0.6.0 h1:hRY9SQ3rlU3kUC5oq8HCXdjFB+ZFoEIDDxXfGlBYuHk=
github.com/BackendStack21/go-llm-sdk v0.6.0/go.mod h1:Nhro6plQaVIIFajPhzp2dzz4rv4DFU/yXNEudChllyE=
github.com/BackendStack21/go-mcp v1.3.0 h1:55iJgiAgcptv+mQwWEHNaFqPJksPR6zn4beYjHk/Ea4=
github.com/BackendStack21/go-mcp v1.3.0/go.mod h1:RKFw6nrl6ySQqqrR8KtG7HYZ/heyyjT8SjiEtlbTMY8=
github.com/BackendStack21/go-vector v1.4.0 h1:Ssu5RDEt4Cr9A17/ogdfjeuaLFFNHASJBIEGpqKzAV0=
github.com/BackendStack21/go-vector v1.4.0/go.mod h1:TkxZEqKGeN38QNWUoQt4xJcf6n2kI1pY7nu6ibXK1Yo=
golang.org/x/image v0.46.0 h1:b1+oYj0Jbp6K5MDT4i4/eZpYlk3V8SJhhDKh6LBHAyQ=
golang.org/x/image v0.46.0/go.mod h1:3B3W05VGVQyuXucLINLjXKrqISASfi4Xj+iCVkLMwew=
golang.org/x/net v0.59.0 h1:5zfYln+w5XCxwrnMMJPufRgNoXEaGxl0wo5GqPXyues=
golang.org/x/net v0.59.0/go.mod h1:2DA/G1UfVbCpQPeWTmMPGY7Cs2PkBkwu743bVX5PIVg=
golang.org/x/sys v0.48.0 h1:bbX/i/6MgT9BVLM9RT1thmxL04yeTAhbEz4SyadbXoo=
golang.org/x/sys v0.48.0/go.mod h1:hNLxWAXmnKAxqDtdwIYC4bM9oQPEecfsnNMuSxOs3og=
golang.org/x/term v0.46.0 h1:3+OXuTbaKDgwk8jTi3aSLHRlmWqHEUDUtxnbFigO4YE=
golang.org/x/term v0.46.0/go.mod h1:+K02xbkittuwc0Am4abfA3Fc+XRGXkvBXNO88NCXPoc=
