github.com/BackendStack21/go-mcp v1.1.0 h1:NQStOkqUWjzzzmySnfFHvPKhbKr92iBuPJjkNpb0MIU=
github.com/BackendStack21/go-mcp v1.1.0/go.mod h1:RKFw6nrl6ySQqqrR8KtG7HYZ/heyyjT8SjiEtlbTMY8=
github.com/BackendStack21/go-vector v1.3.0 h1:VT1cwPAUzkg3Rt0fXA+jTzW472jgObqs85/TcPs4N7Q=
github.com/BackendStack21/go-vector v1.3.0/go.mod h1:TkxZEqKGeN38QNWUoQt4xJcf6n2kI1pY7nu6ibXK1Yo=
golang.org/x/net v0.54.0 h1:2zJIZAxAHV/OHCDTCOHAYehQzLfSXuf/5SoL/Dv6w/w=
golang.org/x/net v0.54.0/go.mod h1:Sj4oj8jK6XmHpBZU/zWHw3BV3abl4Kvi+Ut7cQcY+cQ=
golang.org/x/sys v0.44.0 h1:ildZl3J4uzeKP07r2F++Op7E9B29JRUy+a27EibtBTQ=
golang.org/x/sys v0.44.0/go.mod h1:4GL1E5IUh+htKOUEOaiffhrAeqysfVGipDYzABqnCmw=
golang.org/x/term v0.43.0 h1:S4RLU2sB31O/NCl+zFN9Aru9A/Cq2aqKpTZJ6B+DwT4=
golang.org/x/term v0.43.0/go.mod h1:lrhlHNdQJHO+1qVYiHfFKVuVioJIheAc3fBSMFYEIsk=
